
Microsoft Visual Studio Solution File, Format Version 12.00
# Visual Studio Version 16
VisualStudioVersion = 16.0.32510.428
MinimumVisualStudioVersion = 10.0.40219.1
Project("{FAE04EC0-301F-11D3-BF4B-00C04F79EFBC}") = "WebImage", "WebImage\WebImage.csproj", "{0611E19D-F5B3-4E8B-B893-5FCC85F7165E}"
EndProject
Global
	GlobalSection(SolutionConfigurationPlatforms) = preSolution
		Debug|Any CPU = Debug|Any CPU
		Release|Any CPU = Release|Any CPU
	EndGlobalSection
	GlobalSection(ProjectConfigurationPlatforms) = postSolution
		{0611E19D-F5B3-4E8B-B893-5FCC85F7165E}.Debug|Any CPU.ActiveCfg = Debug|Any CPU
		{0611E19D-F5B3-4E8B-B893-5FCC85F7165E}.Debug|Any CPU.Build.0 = Debug|Any CPU
		{0611E19D-F5B3-4E8B-B893-5FCC85F7165E}.Release|Any CPU.ActiveCfg = Release|Any CPU
		{0611E19D-F5B3-4E8B-B893-5FCC85F7165E}.Release|Any CPU.Build.0 = Release|Any CPU
	EndGlobalSection
	GlobalSection(SolutionProperties) = preSolution
		HideSolutionNode = FALSE
	EndGlobalSection
	GlobalSection(ExtensibilityGlobals) = postSolution
		SolutionGuid = {4DCC4977-0BB5-447A-A088-47027505C310}
	EndGlobalSection
EndGlobal
