
Microsoft Visual Studio Solution File, Format Version 12.00
# Visual Studio Version 16
VisualStudioVersion = 16.0.32510.428
MinimumVisualStudioVersion = 10.0.40219.1
Project("{FAE04EC0-301F-11D3-BF4B-00C04F79EFBC}") = "stockWebApi", "stockWebApi\stockWebApi.csproj", "{586CDF6F-0B47-4DDE-A7E4-A9F5F869B607}"
EndProject
Global
	GlobalSection(SolutionConfigurationPlatforms) = preSolution
		Debug|Any CPU = Debug|Any CPU
		Release|Any CPU = Release|Any CPU
	EndGlobalSection
	GlobalSection(ProjectConfigurationPlatforms) = postSolution
		{586CDF6F-0B47-4DDE-A7E4-A9F5F869B607}.Debug|Any CPU.ActiveCfg = Debug|Any CPU
		{586CDF6F-0B47-4DDE-A7E4-A9F5F869B607}.Debug|Any CPU.Build.0 = Debug|Any CPU
		{586CDF6F-0B47-4DDE-A7E4-A9F5F869B607}.Release|Any CPU.ActiveCfg = Release|Any CPU
		{586CDF6F-0B47-4DDE-A7E4-A9F5F869B607}.Release|Any CPU.Build.0 = Release|Any CPU
	EndGlobalSection
	GlobalSection(SolutionProperties) = preSolution
		HideSolutionNode = FALSE
	EndGlobalSection
	GlobalSection(ExtensibilityGlobals) = postSolution
		SolutionGuid = {0966288E-C7FC-407A-8536-8FB99F4B842D}
	EndGlobalSection
EndGlobal
