
Microsoft Visual Studio Solution File, Format Version 12.00
# Visual Studio Version 16
VisualStudioVersion = 16.0.32510.428
MinimumVisualStudioVersion = 10.0.40219.1
Project("{FAE04EC0-301F-11D3-BF4B-00C04F79EFBC}") = "ConsoleApp4", "ConsoleApp4\ConsoleApp4.csproj", "{84A8E533-A414-416A-AB4F-7F3FF20FD4DA}"
EndProject
Global
	GlobalSection(SolutionConfigurationPlatforms) = preSolution
		Debug|Any CPU = Debug|Any CPU
		Release|Any CPU = Release|Any CPU
	EndGlobalSection
	GlobalSection(ProjectConfigurationPlatforms) = postSolution
		{84A8E533-A414-416A-AB4F-7F3FF20FD4DA}.Debug|Any CPU.ActiveCfg = Debug|Any CPU
		{84A8E533-A414-416A-AB4F-7F3FF20FD4DA}.Debug|Any CPU.Build.0 = Debug|Any CPU
		{84A8E533-A414-416A-AB4F-7F3FF20FD4DA}.Release|Any CPU.ActiveCfg = Release|Any CPU
		{84A8E533-A414-416A-AB4F-7F3FF20FD4DA}.Release|Any CPU.Build.0 = Release|Any CPU
	EndGlobalSection
	GlobalSection(SolutionProperties) = preSolution
		HideSolutionNode = FALSE
	EndGlobalSection
	GlobalSection(ExtensibilityGlobals) = postSolution
		SolutionGuid = {0E09CD19-6934-4A08-AE4C-8033FD0D3952}
	EndGlobalSection
EndGlobal
